{
  "name": "projetfin",
  "lockfileVersion": 2,
  "requires": true,
  "packages": {
    "": {
      "dependencies": {
        "axentix": "^1.3.2"
      }
    },
    "node_modules/axentix": {
      "version": "1.3.2",
      "resolved": "https://registry.npmjs.org/axentix/-/axentix-1.3.2.tgz",
      "integrity": "sha512-TXB2bOMpuuKvl7NFBhlBo95SKRKzjvdCgfSzfNoZOop2M5RiPciYoBgn1nLAemOuQBiwqKVQBSrgNndQ9x/PaQ=="
    }
  },
  "dependencies": {
    "axentix": {
      "version": "1.3.2",
      "resolved": "https://registry.npmjs.org/axentix/-/axentix-1.3.2.tgz",
      "integrity": "sha512-TXB2bOMpuuKvl7NFBhlBo95SKRKzjvdCgfSzfNoZOop2M5RiPciYoBgn1nLAemOuQBiwqKVQBSrgNndQ9x/PaQ=="
    }
  }
}
